// !$*UTF8*$!
{
	archiveVersion = 1;
	classes = {
	};
	objectVersion = 50;
	objects = {

/* Begin PBXBuildFile section */
		2B19ACEC20D8990E007501B4 /* AppDelegate.swift in Sources */ = {isa = PBXBuildFile; fileRef = 2B19ACEB20D8990E007501B4 /* AppDelegate.swift */; };
		2B19ACEE20D8990E007501B4 /* ViewController.swift in Sources */ = {isa = PBXBuildFile; fileRef = 2B19ACED20D8990E007501B4 /* ViewController.swift */; };
		2B19ACF120D8990E007501B4 /* Main.storyboard in Resources */ = {isa = PBXBuildFile; fileRef = 2B19ACEF20D8990E007501B4 /* Main.storyboard */; };
		2B19ACF320D89912007501B4 /* Assets.xcassets in Resources */ = {isa = PBXBuildFile; fileRef = 2B19ACF220D89912007501B4 /* Assets.xcassets */; };
		2B19ACF620D89912007501B4 /* LaunchScreen.storyboard in Resources */ = {isa = PBXBuildFile; fileRef = 2B19ACF420D89912007501B4 /* LaunchScreen.storyboard */; };
		2B19AD0120D89913007501B4 /* SceneKit_Tutorial_1Tests.swift in Sources */ = {isa = PBXBuildFile; fileRef = 2B19AD0020D89913007501B4 /* SceneKit_Tutorial_1Tests.swift */; };
		2B19AD0C20D89913007501B4 /* SceneKit_Tutorial_1UITests.swift in Sources */ = {isa = PBXBuildFile; fileRef = 2B19AD0B20D89913007501B4 /* SceneKit_Tutorial_1UITests.swift */; };
/* End PBXBuildFile section */

/* Begin PBXContainerItemProxy section */
		2B19ACFD20D89913007501B4 /* PBXContainerItemProxy */ = {
			isa = PBXContainerItemProxy;
			containerPortal = 2B19ACE020D8990E007501B4 /* Project object */;
			proxyType = 1;
			remoteGlobalIDString = 2B19ACE720D8990E007501B4;
			remoteInfo = "SceneKit Tutorial 1";
		};
		2B19AD0820D89913007501B4 /* PBXContainerItemProxy */ = {
			isa = PBXContainerItemProxy;
			containerPortal = 2B19ACE020D8990E007501B4 /* Project object */;
			proxyType = 1;
			remoteGlobalIDString = 2B19ACE720D8990E007501B4;
			remoteInfo = "SceneKit Tutorial 1";
		};
/* End PBXContainerItemProxy section */

/* Begin PBXFileReference section */
		2B19ACE820D8990E007501B4 /* SceneKit Tutorial 1.app */ = {isa = PBXFileReference; explicitFileType = wrapper.application; includeInIndex = 0; path = "SceneKit Tutorial 1.app"; sourceTree = BUILT_PRODUCTS_DIR; };
		2B19ACEB20D8990E007501B4 /* AppDelegate.swift */ = {isa = PBXFileReference; lastKnownFileType = sourcecode.swift; path = AppDelegate.swift; sourceTree = "<group>"; };
		2B19ACED20D8990E007501B4 /* ViewController.swift */ = {isa = PBXFileReference; lastKnownFileType = sourcecode.swift; path = ViewController.swift; sourceTree = "<group>"; };
		2B19ACF020D8990E007501B4 /* Base */ = {isa = PBXFileReference; lastKnownFileType = file.storyboard; name = Base; path = Base.lproj/Main.storyboard; sourceTree = "<group>"; };
		2B19ACF220D89912007501B4 /* Assets.xcassets */ = {isa = PBXFileReference; lastKnownFileType = folder.assetcatalog; path = Assets.xcassets; sourceTree = "<group>"; };
		2B19ACF520D89912007501B4 /* Base */ = {isa = PBXFileReference; lastKnownFileType = file.storyboard; name = Base; path = Base.lproj/LaunchScreen.storyboard; sourceTree = "<group>"; };
		2B19ACF720D89912007501B4 /* Info.plist */ = {isa = PBXFileReference; lastKnownFileType = text.plist.xml; path = Info.plist; sourceTree = "<group>"; };
		2B19ACFC20D89913007501B4 /* SceneKit Tutorial 1Tests.xctest */ = {isa = PBXFileReference; explicitFileType = wrapper.cfbundle; includeInIndex = 0; path = "SceneKit Tutorial 1Tests.xctest"; sourceTree = BUILT_PRODUCTS_DIR; };
		2B19AD0020D89913007501B4 /* SceneKit_Tutorial_1Tests.swift */ = {isa = PBXFileReference; lastKnownFileType = sourcecode.swift; path = SceneKit_Tutorial_1Tests.swift; sourceTree = "<group>"; };
		2B19AD0220D89913007501B4 /* Info.plist */ = {isa = PBXFileReference; lastKnownFileType = text.plist.xml; path = Info.plist; sourceTree = "<group>"; };
		2B19AD0720D89913007501B4 /* SceneKit Tutorial 1UITests.xctest */ = {isa = PBXFileReference; explicitFileType = wrapper.cfbundle; includeInIndex = 0; path = "SceneKit Tutorial 1UITests.xctest"; sourceTree = BUILT_PRODUCTS_DIR; };
		2B19AD0B20D89913007501B4 /* SceneKit_Tutorial_1UITests.swift */ = {isa = PBXFileReference; lastKnownFileType = sourcecode.swift; path = SceneKit_Tutorial_1UITests.swift; sourceTree = "<group>"; };
		2B19AD0D20D89913007501B4 /* Info.plist */ = {isa = PBXFileReference; lastKnownFileType = text.plist.xml; path = Info.plist; sourceTree = "<group>"; };
/* End PBXFileReference section */

/* Begin PBXFrameworksBuildPhase section */
		2B19ACE520D8990E007501B4 /* Frameworks */ = {
			isa = PBXFrameworksBuildPhase;
			buildActionMask = 2147483647;
			files = (
			);
			runOnlyForDeploymentPostprocessing = 0;
		};
		2B19ACF920D89913007501B4 /* Frameworks */ = {
			isa = PBXFrameworksBuildPhase;
			buildActionMask = 2147483647;
			files = (
			);
			runOnlyForDeploymentPostprocessing = 0;
		};
		2B19AD0420D89913007501B4 /* Frameworks */ = {
			isa = PBXFrameworksBuildPhase;
			buildActionMask = 2147483647;
			files = (
			);
			runOnlyForDeploymentPostprocessing = 0;
		};
/* End PBXFrameworksBuildPhase section */

/* Begin PBXGroup section */
		2B19ACDF20D8990E007501B4 = {
			isa = PBXGroup;
			children = (
				2B19ACEA20D8990E007501B4 /* SceneKit Tutorial 1 */,
				2B19ACFF20D89913007501B4 /* SceneKit Tutorial 1Tests */,
				2B19AD0A20D89913007501B4 /* SceneKit Tutorial 1UITests */,
				2B19ACE920D8990E007501B4 /* Products */,
			);
			sourceTree = "<group>";
		};
		2B19ACE920D8990E007501B4 /* Products */ = {
			isa = PBXGroup;
			children = (
				2B19ACE820D8990E007501B4 /* SceneKit Tutorial 1.app */,
				2B19ACFC20D89913007501B4 /* SceneKit Tutorial 1Tests.xctest */,
				2B19AD0720D89913007501B4 /* SceneKit Tutorial 1UITests.xctest */,
			);
			name = Products;
			sourceTree = "<group>";
		};
		2B19ACEA20D8990E007501B4 /* SceneKit Tutorial 1 */ = {
			isa = PBXGroup;
			children = (
				2B19ACEB20D8990E007501B4 /* AppDelegate.swift */,
				2B19ACED20D8990E007501B4 /* ViewController.swift */,
				2B19ACEF20D8990E007501B4 /* Main.storyboard */,
				2B19ACF220D89912007501B4 /* Assets.xcassets */,
				2B19ACF420D89912007501B4 /* LaunchScreen.storyboard */,
				2B19ACF720D89912007501B4 /* Info.plist */,
			);
			path = "SceneKit Tutorial 1";
			sourceTree = "<group>";
		};
		2B19ACFF20D89913007501B4 /* SceneKit Tutorial 1Tests */ = {
			isa = PBXGroup;
			children = (
				2B19AD0020D89913007501B4 /* SceneKit_Tutorial_1Tests.swift */,
				2B19AD0220D89913007501B4 /* Info.plist */,
			);
			path = "SceneKit Tutorial 1Tests";
			sourceTree = "<group>";
		};
		2B19AD0A20D89913007501B4 /* SceneKit Tutorial 1UITests */ = {
			isa = PBXGroup;
			children = (
				2B19AD0B20D89913007501B4 /* SceneKit_Tutorial_1UITests.swift */,
				2B19AD0D20D89913007501B4 /* Info.plist */,
			);
			path = "SceneKit Tutorial 1UITests";
			sourceTree = "<group>";
		};
/* End PBXGroup section */

/* Begin PBXNativeTarget section */
		2B19ACE720D8990E007501B4 /* SceneKit Tutorial 1 */ = {
			isa = PBXNativeTarget;
			buildConfigurationList = 2B19AD1020D89913007501B4 /* Build configuration list for PBXNativeTarget "SceneKit Tutorial 1" */;
			buildPhases = (
				2B19ACE420D8990E007501B4 /* Sources */,
				2B19ACE520D8990E007501B4 /* Frameworks */,
				2B19ACE620D8990E007501B4 /* Resources */,
			);
			buildRules = (
			);
			dependencies = (
			);
			name = "SceneKit Tutorial 1";
			productName = "SceneKit Tutorial 1";
			productReference = 2B19ACE820D8990E007501B4 /* SceneKit Tutorial 1.app */;
			productType = "com.apple.product-type.application";
		};
		2B19ACFB20D89913007501B4 /* SceneKit Tutorial 1Tests */ = {
			isa = PBXNativeTarget;
			buildConfigurationList = 2B19AD1320D89913007501B4 /* Build configuration list for PBXNativeTarget "SceneKit Tutorial 1Tests" */;
			buildPhases = (
				2B19ACF820D89913007501B4 /* Sources */,
				2B19ACF920D89913007501B4 /* Frameworks */,
				2B19ACFA20D89913007501B4 /* Resources */,
			);
			buildRules = (
			);
			dependencies = (
				2B19ACFE20D89913007501B4 /* PBXTargetDependency */,
			);
			name = "SceneKit Tutorial 1Tests";
			productName = "SceneKit Tutorial 1Tests";
			productReference = 2B19ACFC20D89913007501B4 /* SceneKit Tutorial 1Tests.xctest */;
			productType = "com.apple.product-type.bundle.unit-test";
		};
		2B19AD0620D89913007501B4 /* SceneKit Tutorial 1UITests */ = {
			isa = PBXNativeTarget;
			buildConfigurationList = 2B19AD1620D89913007501B4 /* Build configuration list for PBXNativeTarget "SceneKit Tutorial 1UITests" */;
			buildPhases = (
				2B19AD0320D89913007501B4 /* Sources */,
				2B19AD0420D89913007501B4 /* Frameworks */,
				2B19AD0520D89913007501B4 /* Resources */,
			);
			buildRules = (
			);
			dependencies = (
				2B19AD0920D89913007501B4 /* PBXTargetDependency */,
			);
			name = "SceneKit Tutorial 1UITests";
			productName = "SceneKit Tutorial 1UITests";
			productReference = 2B19AD0720D89913007501B4 /* SceneKit Tutorial 1UITests.xctest */;
			productType = "com.apple.product-type.bundle.ui-testing";
		};
/* End PBXNativeTarget section */

/* Begin PBXProject section */
		2B19ACE020D8990E007501B4 /* Project object */ = {
			isa = PBXProject;
			attributes = {
				LastSwiftUpdateCheck = 0940;
				LastUpgradeCheck = 0940;
				ORGANIZATIONNAME = "Charu Thomas";
				TargetAttributes = {
					2B19ACE720D8990E007501B4 = {
						CreatedOnToolsVersion = 9.4;
					};
					2B19ACFB20D89913007501B4 = {
						CreatedOnToolsVersion = 9.4;
						TestTargetID = 2B19ACE720D8990E007501B4;
					};
					2B19AD0620D89913007501B4 = {
						CreatedOnToolsVersion = 9.4;
						TestTargetID = 2B19ACE720D8990E007501B4;
					};
				};
			};
			buildConfigurationList = 2B19ACE320D8990E007501B4 /* Build configuration list for PBXProject "SceneKit Tutorial 1" */;
			compatibilityVersion = "Xcode 9.3";
			developmentRegion = en;
			hasScannedForEncodings = 0;
			knownRegions = (
				en,
				Base,
			);
			mainGroup = 2B19ACDF20D8990E007501B4;
			productRefGroup = 2B19ACE920D8990E007501B4 /* Products */;
			projectDirPath = "";
			projectRoot = "";
			targets = (
				2B19ACE720D8990E007501B4 /* SceneKit Tutorial 1 */,
				2B19ACFB20D89913007501B4 /* SceneKit Tutorial 1Tests */,
				2B19AD0620D89913007501B4 /* SceneKit Tutorial 1UITests */,
			);
		};
/* End PBXProject section */

/* Begin PBXResourcesBuildPhase section */
		2B19ACE620D8990E007501B4 /* Resources */ = {
			isa = PBXResourcesBuildPhase;
			buildActionMask = 2147483647;
			files = (
				2B19ACF620D89912007501B4 /* LaunchScreen.storyboard in Resources */,
				2B19ACF320D89912007501B4 /* Assets.xcassets in Resources */,
				2B19ACF120D8990E007501B4 /* Main.storyboard in Resources */,
			);
			runOnlyForDeploymentPostprocessing = 0;
		};
		2B19ACFA20D89913007501B4 /* Resources */ = {
			isa = PBXResourcesBuildPhase;
			buildActionMask = 2147483647;
			files = (
			);
			runOnlyForDeploymentPostprocessing = 0;
		};
		2B19AD0520D89913007501B4 /* Resources */ = {
			isa = PBXResourcesBuildPhase;
			buildActionMask = 2147483647;
			files = (
			);
			runOnlyForDeploymentPostprocessing = 0;
		};
/* End PBXResourcesBuildPhase section */

/* Begin PBXSourcesBuildPhase section */
		2B19ACE420D8990E007501B4 /* Sources */ = {
			isa = PBXSourcesBuildPhase;
			buildActionMask = 2147483647;
			files = (
				2B19ACEE20D8990E007501B4 /* ViewController.swift in Sources */,
				2B19ACEC20D8990E007501B4 /* AppDelegate.swift in Sources */,
			);
			runOnlyForDeploymentPostprocessing = 0;
		};
		2B19ACF820D89913007501B4 /* Sources */ = {
			isa = PBXSourcesBuildPhase;
			buildActionMask = 2147483647;
			files = (
				2B19AD0120D89913007501B4 /* SceneKit_Tutorial_1Tests.swift in Sources */,
			);
			runOnlyForDeploymentPostprocessing = 0;
		};
		2B19AD0320D89913007501B4 /* Sources */ = {
			isa = PBXSourcesBuildPhase;
			buildActionMask = 2147483647;
			files = (
				2B19AD0C20D89913007501B4 /* SceneKit_Tutorial_1UITests.swift in Sources */,
			);
			runOnlyForDeploymentPostprocessing = 0;
		};
/* End PBXSourcesBuildPhase section */

/* Begin PBXTargetDependency section */
		2B19ACFE20D89913007501B4 /* PBXTargetDependency */ = {
			isa = PBXTargetDependency;
			target = 2B19ACE720D8990E007501B4 /* SceneKit Tutorial 1 */;
			targetProxy = 2B19ACFD20D89913007501B4 /* PBXContainerItemProxy */;
		};
		2B19AD0920D89913007501B4 /* PBXTargetDependency */ = {
			isa = PBXTargetDependency;
			target = 2B19ACE720D8990E007501B4 /* SceneKit Tutorial 1 */;
			targetProxy = 2B19AD0820D89913007501B4 /* PBXContainerItemProxy */;
		};
/* End PBXTargetDependency section */

/* Begin PBXVariantGroup section */
		2B19ACEF20D8990E007501B4 /* Main.storyboard */ = {
			isa = PBXVariantGroup;
			children = (
				2B19ACF020D8990E007501B4 /* Base */,
			);
			name = Main.storyboard;
			sourceTree = "<group>";
		};
		2B19ACF420D89912007501B4 /* LaunchScreen.storyboard */ = {
			isa = PBXVariantGroup;
			children = (
				2B19ACF520D89912007501B4 /* Base */,
			);
			name = LaunchScreen.storyboard;
			sourceTree = "<group>";
		};
/* End PBXVariantGroup section */

/* Begin XCBuildConfiguration section */
		2B19AD0E20D89913007501B4 /* Debug */ = {
			isa = XCBuildConfiguration;
			buildSettings = {
				ALWAYS_SEARCH_USER_PATHS = NO;
				CLANG_ANALYZER_NONNULL = YES;
				CLANG_ANALYZER_NUMBER_OBJECT_CONVERSION = YES_AGGRESSIVE;
				CLANG_CXX_LANGUAGE_STANDARD = "gnu++14";
				CLANG_CXX_LIBRARY = "libc++";
				CLANG_ENABLE_MODULES = YES;
				CLANG_ENABLE_OBJC_ARC = YES;
				CLANG_ENABLE_OBJC_WEAK = YES;
				CLANG_WARN_BLOCK_CAPTURE_AUTORELEASING = YES;
				CLANG_WARN_BOOL_CONVERSION = YES;
				CLANG_WARN_COMMA = YES;
				CLANG_WARN_CONSTANT_CONVERSION = YES;
				CLANG_WARN_DEPRECATED_OBJC_IMPLEMENTATIONS = YES;
				CLANG_WARN_DIRECT_OBJC_ISA_USAGE = YES_ERROR;
				CLANG_WARN_DOCUMENTATION_COMMENTS = YES;
				CLANG_WARN_EMPTY_BODY = YES;
				CLANG_WARN_ENUM_CONVERSION = YES;
				CLANG_WARN_INFINITE_RECURSION = YES;
				CLANG_WARN_INT_CONVERSION = YES;
				CLANG_WARN_NON_LITERAL_NULL_CONVERSION = YES;
				CLANG_WARN_OBJC_IMPLICIT_RETAIN_SELF = YES;
				CLANG_WARN_OBJC_LITERAL_CONVERSION = YES;
				CLANG_WARN_OBJC_ROOT_CLASS = YES_ERROR;
				CLANG_WARN_RANGE_LOOP_ANALYSIS = YES;
				CLANG_WARN_STRICT_PROTOTYPES = YES;
				CLANG_WARN_SUSPICIOUS_MOVE = YES;
				CLANG_WARN_UNGUARDED_AVAILABILITY = YES_AGGRESSIVE;
				CLANG_WARN_UNREACHABLE_CODE = YES;
				CLANG_WARN__DUPLICATE_METHOD_MATCH = YES;
				CODE_SIGN_IDENTITY = "iPhone Developer";
				COPY_PHASE_STRIP = NO;
				DEBUG_INFORMATION_FORMAT = dwarf;
				ENABLE_STRICT_OBJC_MSGSEND = YES;
				ENABLE_TESTABILITY = YES;
				GCC_C_LANGUAGE_STANDARD = gnu11;
				GCC_DYNAMIC_NO_PIC = NO;
				GCC_NO_COMMON_BLOCKS = YES;
				GCC_OPTIMIZATION_LEVEL = 0;
				GCC_PREPROCESSOR_DEFINITIONS = (
					"DEBUG=1",
					"$(inherited)",
				);
				GCC_WARN_64_TO_32_BIT_CONVERSION = YES;
				GCC_WARN_ABOUT_RETURN_TYPE = YES_ERROR;
				GCC_WARN_UNDECLARED_SELECTOR = YES;
				GCC_WARN_UNINITIALIZED_AUTOS = YES_AGGRESSIVE;
				GCC_WARN_UNUSED_FUNCTION = YES;
				GCC_WARN_UNUSED_VARIABLE = YES;
				IPHONEOS_DEPLOYMENT_TARGET = 11.4;
				MTL_ENABLE_DEBUG_INFO = YES;
				ONLY_ACTIVE_ARCH = YES;
				SDKROOT = iphoneos;
				SWIFT_ACTIVE_COMPILATION_CONDITIONS = DEBUG;
				SWIFT_OPTIMIZATION_LEVEL = "-Onone";
			};
			name = Debug;
		};
		2B19AD0F20D89913007501B4 /* Release */ = {
			isa = XCBuildConfiguration;
			buildSettings = {
				ALWAYS_SEARCH_USER_PATHS = NO;
				CLANG_ANALYZER_NONNULL = YES;
				CLANG_ANALYZER_NUMBER_OBJECT_CONVERSION = YES_AGGRESSIVE;
				CLANG_CXX_LANGUAGE_STANDARD = "gnu++14";
				CLANG_CXX_LIBRARY = "libc++";
				CLANG_ENABLE_MODULES = YES;
				CLANG_ENABLE_OBJC_ARC = YES;
				CLANG_ENABLE_OBJC_WEAK = YES;
				CLANG_WARN_BLOCK_CAPTURE_AUTORELEASING = YES;
				CLANG_WARN_BOOL_CONVERSION = YES;
				CLANG_WARN_COMMA = YES;
				CLANG_WARN_CONSTANT_CONVERSION = YES;
				CLANG_WARN_DEPRECATED_OBJC_IMPLEMENTATIONS = YES;
				CLANG_WARN_DIRECT_OBJC_ISA_USAGE = YES_ERROR;
				CLANG_WARN_DOCUMENTATION_COMMENTS = YES;
				CLANG_WARN_EMPTY_BODY = YES;
				CLANG_WARN_ENUM_CONVERSION = YES;
				CLANG_WARN_INFINITE_RECURSION = YES;
				CLANG_WARN_INT_CONVERSION = YES;
				CLANG_WARN_NON_LITERAL_NULL_CONVERSION = YES;
				CLANG_WARN_OBJC_IMPLICIT_RETAIN_SELF = YES;
				CLANG_WARN_OBJC_LITERAL_CONVERSION = YES;
				CLANG_WARN_OBJC_ROOT_CLASS = YES_ERROR;
				CLANG_WARN_RANGE_LOOP_ANALYSIS = YES;
				CLANG_WARN_STRICT_PROTOTYPES = YES;
				CLANG_WARN_SUSPICIOUS_MOVE = YES;
				CLANG_WARN_UNGUARDED_AVAILABILITY = YES_AGGRESSIVE;
				CLANG_WARN_UNREACHABLE_CODE = YES;
				CLANG_WARN__DUPLICATE_METHOD_MATCH = YES;
				CODE_SIGN_IDENTITY = "iPhone Developer";
				COPY_PHASE_STRIP = NO;
				DEBUG_INFORMATION_FORMAT = "dwarf-with-dsym";
				ENABLE_NS_ASSERTIONS = NO;
				ENABLE_STRICT_OBJC_MSGSEND = YES;
				GCC_C_LANGUAGE_STANDARD = gnu11;
				GCC_NO_COMMON_BLOCKS = YES;
				GCC_WARN_64_TO_32_BIT_CONVERSION = YES;
				GCC_WARN_ABOUT_RETURN_TYPE = YES_ERROR;
				GCC_WARN_UNDECLARED_SELECTOR = YES;
				GCC_WARN_UNINITIALIZED_AUTOS = YES_AGGRESSIVE;
				GCC_WARN_UNUSED_FUNCTION = YES;
				GCC_WARN_UNUSED_VARIABLE = YES;
				IPHONEOS_DEPLOYMENT_TARGET = 11.4;
				MTL_ENABLE_DEBUG_INFO = NO;
				SDKROOT = iphoneos;
				SWIFT_COMPILATION_MODE = wholemodule;
				SWIFT_OPTIMIZATION_LEVEL = "-O";
				VALIDATE_PRODUCT = YES;
			};
			name = Release;
		};
		2B19AD1120D89913007501B4 /* Debug */ = {
			isa = XCBuildConfiguration;
			buildSettings = {
				ASSETCATALOG_COMPILER_APPICON_NAME = AppIcon;
				CODE_SIGN_STYLE = Automatic;
				DEVELOPMENT_TEAM = THT6HJX2Z4;
				INFOPLIST_FILE = "SceneKit Tutorial 1/Info.plist";
				LD_RUNPATH_SEARCH_PATHS = (
					"$(inherited)",
					"@executable_path/Frameworks",
				);
				PRODUCT_BUNDLE_IDENTIFIER = "com.oculogx.SceneKit-Tutorial-1";
				PRODUCT_NAME = "$(TARGET_NAME)";
				SWIFT_VERSION = 4.0;
				TARGETED_DEVICE_FAMILY = "1,2";
			};
			name = Debug;
		};
		2B19AD1220D89913007501B4 /* Release */ = {
			isa = XCBuildConfiguration;
			buildSettings = {
				ASSETCATALOG_COMPILER_APPICON_NAME = AppIcon;
				CODE_SIGN_STYLE = Automatic;
				DEVELOPMENT_TEAM = THT6HJX2Z4;
				INFOPLIST_FILE = "SceneKit Tutorial 1/Info.plist";
				LD_RUNPATH_SEARCH_PATHS = (
					"$(inherited)",
					"@executable_path/Frameworks",
				);
				PRODUCT_BUNDLE_IDENTIFIER = "com.oculogx.SceneKit-Tutorial-1";
				PRODUCT_NAME = "$(TARGET_NAME)";
				SWIFT_VERSION = 4.0;
				TARGETED_DEVICE_FAMILY = "1,2";
			};
			name = Release;
		};
		2B19AD1420D89913007501B4 /* Debug */ = {
			isa = XCBuildConfiguration;
			buildSettings = {
				ALWAYS_EMBED_SWIFT_STANDARD_LIBRARIES = YES;
				BUNDLE_LOADER = "$(TEST_HOST)";
				CODE_SIGN_STYLE = Automatic;
				DEVELOPMENT_TEAM = THT6HJX2Z4;
				INFOPLIST_FILE = "SceneKit Tutorial 1Tests/Info.plist";
				LD_RUNPATH_SEARCH_PATHS = (
					"$(inherited)",
					"@executable_path/Frameworks",
					"@loader_path/Frameworks",
				);
				PRODUCT_BUNDLE_IDENTIFIER = "com.oculogx.SceneKit-Tutorial-1Tests";
				PRODUCT_NAME = "$(TARGET_NAME)";
				SWIFT_VERSION = 4.0;
				TARGETED_DEVICE_FAMILY = "1,2";
				TEST_HOST = "$(BUILT_PRODUCTS_DIR)/SceneKit Tutorial 1.app/SceneKit Tutorial 1";
			};
			name = Debug;
		};
		2B19AD1520D89913007501B4 /* Release */ = {
			isa = XCBuildConfiguration;
			buildSettings = {
				ALWAYS_EMBED_SWIFT_STANDARD_LIBRARIES = YES;
				BUNDLE_LOADER = "$(TEST_HOST)";
				CODE_SIGN_STYLE = Automatic;
				DEVELOPMENT_TEAM = THT6HJX2Z4;
				INFOPLIST_FILE = "SceneKit Tutorial 1Tests/Info.plist";
				LD_RUNPATH_SEARCH_PATHS = (
					"$(inherited)",
					"@executable_path/Frameworks",
					"@loader_path/Frameworks",
				);
				PRODUCT_BUNDLE_IDENTIFIER = "com.oculogx.SceneKit-Tutorial-1Tests";
				PRODUCT_NAME = "$(TARGET_NAME)";
				SWIFT_VERSION = 4.0;
				TARGETED_DEVICE_FAMILY = "1,2";
				TEST_HOST = "$(BUILT_PRODUCTS_DIR)/SceneKit Tutorial 1.app/SceneKit Tutorial 1";
			};
			name = Release;
		};
		2B19AD1720D89913007501B4 /* Debug */ = {
			isa = XCBuildConfiguration;
			buildSettings = {
				ALWAYS_EMBED_SWIFT_STANDARD_LIBRARIES = YES;
				CODE_SIGN_STYLE = Automatic;
				DEVELOPMENT_TEAM = THT6HJX2Z4;
				INFOPLIST_FILE = "SceneKit Tutorial 1UITests/Info.plist";
				LD_RUNPATH_SEARCH_PATHS = (
					"$(inherited)",
					"@executable_path/Frameworks",
					"@loader_path/Frameworks",
				);
				PRODUCT_BUNDLE_IDENTIFIER = "com.oculogx.SceneKit-Tutorial-1UITests";
				PRODUCT_NAME = "$(TARGET_NAME)";
				SWIFT_VERSION = 4.0;
				TARGETED_DEVICE_FAMILY = "1,2";
				TEST_TARGET_NAME = "SceneKit Tutorial 1";
			};
			name = Debug;
		};
		2B19AD1820D89913007501B4 /* Release */ = {
			isa = XCBuildConfiguration;
			buildSettings = {
				ALWAYS_EMBED_SWIFT_STANDARD_LIBRARIES = YES;
				CODE_SIGN_STYLE = Automatic;
				DEVELOPMENT_TEAM = THT6HJX2Z4;
				INFOPLIST_FILE = "SceneKit Tutorial 1UITests/Info.plist";
				LD_RUNPATH_SEARCH_PATHS = (
					"$(inherited)",
					"@executable_path/Frameworks",
					"@loader_path/Frameworks",
				);
				PRODUCT_BUNDLE_IDENTIFIER = "com.oculogx.SceneKit-Tutorial-1UITests";
				PRODUCT_NAME = "$(TARGET_NAME)";
				SWIFT_VERSION = 4.0;
				TARGETED_DEVICE_FAMILY = "1,2";
				TEST_TARGET_NAME = "SceneKit Tutorial 1";
			};
			name = Release;
		};
/* End XCBuildConfiguration section */

/* Begin XCConfigurationList section */
		2B19ACE320D8990E007501B4 /* Build configuration list for PBXProject "SceneKit Tutorial 1" */ = {
			isa = XCConfigurationList;
			buildConfigurations = (
				2B19AD0E20D89913007501B4 /* Debug */,
				2B19AD0F20D89913007501B4 /* Release */,
			);
			defaultConfigurationIsVisible = 0;
			defaultConfigurationName = Release;
		};
		2B19AD1020D89913007501B4 /* Build configuration list for PBXNativeTarget "SceneKit Tutorial 1" */ = {
			isa = XCConfigurationList;
			buildConfigurations = (
				2B19AD1120D89913007501B4 /* Debug */,
				2B19AD1220D89913007501B4 /* Release */,
			);
			defaultConfigurationIsVisible = 0;
			defaultConfigurationName = Release;
		};
		2B19AD1320D89913007501B4 /* Build configuration list for PBXNativeTarget "SceneKit Tutorial 1Tests" */ = {
			isa = XCConfigurationList;
			buildConfigurations = (
				2B19AD1420D89913007501B4 /* Debug */,
				2B19AD1520D89913007501B4 /* Release */,
			);
			defaultConfigurationIsVisible = 0;
			defaultConfigurationName = Release;
		};
		2B19AD1620D89913007501B4 /* Build configuration list for PBXNativeTarget "SceneKit Tutorial 1UITests" */ = {
			isa = XCConfigurationList;
			buildConfigurations = (
				2B19AD1720D89913007501B4 /* Debug */,
				2B19AD1820D89913007501B4 /* Release */,
			);
			defaultConfigurationIsVisible = 0;
			defaultConfigurationName = Release;
		};
/* End XCConfigurationList section */
	};
	rootObject = 2B19ACE020D8990E007501B4 /* Project object */;
}
